
Microsoft Visual Studio Solution File, Format Version 12.00
# Visual Studio Version 17
VisualStudioVersion = 17.14.36623.8
MinimumVisualStudioVersion = 10.0.40219.1
Project("{FAE04EC0-301F-11D3-BF4B-00C04F79EFBC}") = "FamilyRestraunt", "FamilyRestraunt.csproj", "{96611009-2CC4-49FA-9706-1DFCF9CE20A1}"
EndProject
Global
	GlobalSection(SolutionConfigurationPlatforms) = preSolution
		Debug|Any CPU = Debug|Any CPU
		Release|Any CPU = Release|Any CPU
	EndGlobalSection
	GlobalSection(ProjectConfigurationPlatforms) = postSolution
		{96611009-2CC4-49FA-9706-1DFCF9CE20A1}.Debug|Any CPU.ActiveCfg = Debug|Any CPU
		{96611009-2CC4-49FA-9706-1DFCF9CE20A1}.Debug|Any CPU.Build.0 = Debug|Any CPU
		{96611009-2CC4-49FA-9706-1DFCF9CE20A1}.Release|Any CPU.ActiveCfg = Release|Any CPU
		{96611009-2CC4-49FA-9706-1DFCF9CE20A1}.Release|Any CPU.Build.0 = Release|Any CPU
	EndGlobalSection
	GlobalSection(SolutionProperties) = preSolution
		HideSolutionNode = FALSE
	EndGlobalSection
	GlobalSection(ExtensibilityGlobals) = postSolution
		SolutionGuid = {60118E3E-4F81-41B6-9774-4F57AC4494F2}
	EndGlobalSection
EndGlobal
